
Microsoft Visual Studio Solution File, Format Version 12.00
# Visual Studio Version 17
VisualStudioVersion = 17.9.34701.34
MinimumVisualStudioVersion = 10.0.40219.1
Project("{FAE04EC0-301F-11D3-BF4B-00C04F79EFBC}") = "RideMe.Api", "RideMe.Api\RideMe.Api.csproj", "{44AEB1E3-2822-4C42-8565-CF2DD413D38B}"
EndProject
Project("{FAE04EC0-301F-11D3-BF4B-00C04F79EFBC}") = "RideMe.Core", "RideMe.Core\RideMe.Core.csproj", "{D56EB289-94B9-4F29-80EC-8040BC33F3A4}"
EndProject
Project("{FAE04EC0-301F-11D3-BF4B-00C04F79EFBC}") = "RideMe.EF", "RideMe.EF\RideMe.EF.csproj", "{F1BD0847-EBF3-4A99-A848-3A669F2AC115}"
EndProject
Global
	GlobalSection(SolutionConfigurationPlatforms) = preSolution
		Debug|Any CPU = Debug|Any CPU
		Release|Any CPU = Release|Any CPU
	EndGlobalSection
	GlobalSection(ProjectConfigurationPlatforms) = postSolution
		{44AEB1E3-2822-4C42-8565-CF2DD413D38B}.Debug|Any CPU.ActiveCfg = Debug|Any CPU
		{44AEB1E3-2822-4C42-8565-CF2DD413D38B}.Debug|Any CPU.Build.0 = Debug|Any CPU
		{44AEB1E3-2822-4C42-8565-CF2DD413D38B}.Release|Any CPU.ActiveCfg = Release|Any CPU
		{44AEB1E3-2822-4C42-8565-CF2DD413D38B}.Release|Any CPU.Build.0 = Release|Any CPU
		{D56EB289-94B9-4F29-80EC-8040BC33F3A4}.Debug|Any CPU.ActiveCfg = Debug|Any CPU
		{D56EB289-94B9-4F29-80EC-8040BC33F3A4}.Debug|Any CPU.Build.0 = Debug|Any CPU
		{D56EB289-94B9-4F29-80EC-8040BC33F3A4}.Release|Any CPU.ActiveCfg = Release|Any CPU
		{D56EB289-94B9-4F29-80EC-8040BC33F3A4}.Release|Any CPU.Build.0 = Release|Any CPU
		{F1BD0847-EBF3-4A99-A848-3A669F2AC115}.Debug|Any CPU.ActiveCfg = Debug|Any CPU
		{F1BD0847-EBF3-4A99-A848-3A669F2AC115}.Debug|Any CPU.Build.0 = Debug|Any CPU
		{F1BD0847-EBF3-4A99-A848-3A669F2AC115}.Release|Any CPU.ActiveCfg = Release|Any CPU
		{F1BD0847-EBF3-4A99-A848-3A669F2AC115}.Release|Any CPU.Build.0 = Release|Any CPU
	EndGlobalSection
	GlobalSection(SolutionProperties) = preSolution
		HideSolutionNode = FALSE
	EndGlobalSection
	GlobalSection(ExtensibilityGlobals) = postSolution
		SolutionGuid = {9A342E3B-EA84-422F-AE10-7B6C56756DF3}
	EndGlobalSection
EndGlobal
